
Microsoft Visual Studio Solution File, Format Version 12.00
# Visual Studio Version 17
VisualStudioVersion = 17.11.35303.130
MinimumVisualStudioVersion = 10.0.40219.1
Project("{9A19103F-16F7-4668-BE54-9A1E7A4F7556}") = "BakeryShop", "BakeryShop.csproj", "{5CE7C6A5-07BE-4D79-BBBB-9BCED71C29D2}"
EndProject
Project("{2150E333-8FDC-42A3-9474-1A3956D46DE8}") = "IMG", "IMG", "{45807936-259E-413B-9BD9-823585A1018B}"
EndProject
Global
	GlobalSection(SolutionConfigurationPlatforms) = preSolution
		Debug|Any CPU = Debug|Any CPU
		Release|Any CPU = Release|Any CPU
	EndGlobalSection
	GlobalSection(ProjectConfigurationPlatforms) = postSolution
		{5CE7C6A5-07BE-4D79-BBBB-9BCED71C29D2}.Debug|Any CPU.ActiveCfg = Debug|Any CPU
		{5CE7C6A5-07BE-4D79-BBBB-9BCED71C29D2}.Debug|Any CPU.Build.0 = Debug|Any CPU
		{5CE7C6A5-07BE-4D79-BBBB-9BCED71C29D2}.Release|Any CPU.ActiveCfg = Release|Any CPU
		{5CE7C6A5-07BE-4D79-BBBB-9BCED71C29D2}.Release|Any CPU.Build.0 = Release|Any CPU
	EndGlobalSection
	GlobalSection(SolutionProperties) = preSolution
		HideSolutionNode = FALSE
	EndGlobalSection
	GlobalSection(ExtensibilityGlobals) = postSolution
		SolutionGuid = {D50CDF52-77A1-4BB9-B00E-BC0A54D70C5B}
	EndGlobalSection
EndGlobal
